{
  "version": 4,
  "terraform_version": "0.12.7",
  "serial": 35,
  "lineage": "e49ecc5d-7099-9bb5-842e-05b722884b15",
  "outputs": {},
  "resources": [
    {
      "module": "module.ecs",
      "mode": "data",
      "type": "alicloud_images",
      "name": "images_ds",
      "provider": "provider.alicloud",
      "instances": [
        {
          "schema_version": 0,
          "attributes": {
            "id": "267933264",
            "ids": [
              "centos_7_06_64_20G_alibase_20190711.vhd"
            ],
            "images": [
              {
                "architecture": "x86_64",
                "creation_time": "2019-07-19T06:59:05Z",
                "description": "",
                "disk_device_mappings": [],
                "id": "centos_7_06_64_20G_alibase_20190711.vhd",
                "image_id": "centos_7_06_64_20G_alibase_20190711.vhd",
                "image_owner_alias": "system",
                "image_version": "",
                "is_copied": false,
                "is_self_shared": "",
                "is_subscribed": false,
                "is_support_io_optimized": true,
                "name": "centos_7_06_64_20G_alibase_20190711.vhd",
                "os_name": "CentOS  7.6 64位",
                "os_name_en": "CentOS  7.6 64 bit",
                "os_type": "linux",
                "platform": "CentOS",
                "product_code": "",
                "progress": "100%",
                "size": 20,
                "state": "Available",
                "status": "Available",
                "tags": {},
                "usage": "instance"
              }
            ],
            "most_recent": false,
            "name_regex": "^centos_7_06_64",
            "output_file": null,
            "owners": "system"
          }
        }
      ]
    },
    {
      "module": "module.rds",
      "mode": "managed",
      "type": "alicloud_db_account",
      "name": "account",
      "each": "list",
      "provider": "provider.alicloud",
      "instances": [
        {
          "index_key": 0,
          "schema_version": 0,
          "attributes": {
            "description": "",
            "id": "rm-uf60d0ro54ht66ts6:myuser",
            "instance_id": "rm-uf60d0ro54ht66ts6",
            "kms_encrypted_password": null,
            "kms_encryption_context": null,
            "name": "myuser",
            "password": "Test1234",
            "type": "Super"
          },
          "private": "bnVsbA==",
          "depends_on": [
            "alicloud_db_instance.rds"
          ]
        },
        {
          "index_key": 1,
          "schema_version": 0,
          "attributes": {
            "description": "",
            "id": "rm-uf61504ly4i940s67:myuser",
            "instance_id": "rm-uf61504ly4i940s67",
            "kms_encrypted_password": null,
            "kms_encryption_context": null,
            "name": "myuser",
            "password": "Test1234",
            "type": "Super"
          },
          "private": "bnVsbA==",
          "depends_on": [
            "alicloud_db_instance.rds"
          ]
        }
      ]
    },
    {
      "module": "module.rds",
      "mode": "managed",
      "type": "alicloud_db_account_privilege",
      "name": "privilege",
      "each": "list",
      "provider": "provider.alicloud",
      "instances": []
    },
    {
      "module": "module.rds",
      "mode": "managed",
      "type": "alicloud_db_database",
      "name": "db",
      "each": "list",
      "provider": "provider.alicloud",
      "instances": [
        {
          "index_key": 0,
          "schema_version": 0,
          "attributes": {
            "character_set": "utf8",
            "description": "",
            "id": "rm-uf60d0ro54ht66ts6:miniapp",
            "instance_id": "rm-uf60d0ro54ht66ts6",
            "name": "miniapp"
          },
          "private": "bnVsbA==",
          "depends_on": [
            "alicloud_db_instance.rds"
          ]
        },
        {
          "index_key": 1,
          "schema_version": 0,
          "attributes": {
            "character_set": "utf8",
            "description": "",
            "id": "rm-uf61504ly4i940s67:miniapp",
            "instance_id": "rm-uf61504ly4i940s67",
            "name": "miniapp"
          },
          "private": "bnVsbA==",
          "depends_on": [
            "alicloud_db_instance.rds"
          ]
        }
      ]
    },
    {
      "module": "module.rds",
      "mode": "managed",
      "type": "alicloud_db_instance",
      "name": "rds",
      "each": "list",
      "provider": "provider.alicloud",
      "instances": [
        {
          "index_key": 0,
          "schema_version": 0,
          "attributes": {
            "allocate_public_connection": null,
            "auto_renew": null,
            "auto_renew_period": null,
            "backup_retention_period": null,
            "connection_string": "rm-uf60d0ro54ht66ts6.mysql.rds.aliyuncs.com",
            "connections": [],
            "db_instance_class": null,
            "db_instance_net_type": null,
            "db_instance_storage": null,
            "db_mappings": [],
            "engine": "MySQL",
            "engine_version": "5.7",
            "id": "rm-uf60d0ro54ht66ts6",
            "instance_charge_type": "Postpaid",
            "instance_name": "rds-01",
            "instance_network_type": null,
            "instance_storage": 100,
            "instance_type": "rds.mysql.s3.large",
            "maintain_time": "18:00Z-22:00Z",
            "master_user_name": null,
            "master_user_password": null,
            "monitoring_period": 60,
            "multi_az": null,
            "parameters": [],
            "period": 0,
            "port": "3306",
            "preferred_backup_period": null,
            "preferred_backup_time": null,
            "security_group_id": "",
            "security_ips": [
              "10.99.0.0/19"
            ],
            "tags": {
              "app": "客户端",
              "name": "arthur",
              "owner": "bestpractice",
              "team": "rds"
            },
            "timeouts": null,
            "vswitch_id": "vsw-uf68so05ztph5982sul8k",
            "zone_id": "cn-shanghai-MAZ5(f,g)"
          },
          "private": "eyJlMmJmYjczMC1lY2FhLTExZTYtOGY4OC0zNDM2M2JjN2M0YzAiOnsiY3JlYXRlIjoxMjAwMDAwMDAwMDAwLCJkZWxldGUiOjEyMDAwMDAwMDAwMDAsInVwZGF0ZSI6MTgwMDAwMDAwMDAwMH19"
        },
        {
          "index_key": 1,
          "schema_version": 0,
          "attributes": {
            "allocate_public_connection": null,
            "auto_renew": null,
            "auto_renew_period": null,
            "backup_retention_period": null,
            "connection_string": "rm-uf61504ly4i940s67.mysql.rds.aliyuncs.com",
            "connections": [],
            "db_instance_class": null,
            "db_instance_net_type": null,
            "db_instance_storage": null,
            "db_mappings": [],
            "engine": "MySQL",
            "engine_version": "5.7",
            "id": "rm-uf61504ly4i940s67",
            "instance_charge_type": "Postpaid",
            "instance_name": "rds-02",
            "instance_network_type": null,
            "instance_storage": 100,
            "instance_type": "rds.mysql.s3.large",
            "maintain_time": "18:00Z-22:00Z",
            "master_user_name": null,
            "master_user_password": null,
            "monitoring_period": 60,
            "multi_az": null,
            "parameters": [],
            "period": 0,
            "port": "3306",
            "preferred_backup_period": null,
            "preferred_backup_time": null,
            "security_group_id": "",
            "security_ips": [
              "10.99.0.0/19"
            ],
            "tags": {
              "app": "客户端",
              "name": "arthur",
              "owner": "bestpractice",
              "team": "rds"
            },
            "timeouts": null,
            "vswitch_id": "vsw-uf68so05ztph5982sul8k",
            "zone_id": "cn-shanghai-MAZ5(f,g)"
          },
          "private": "eyJlMmJmYjczMC1lY2FhLTExZTYtOGY4OC0zNDM2M2JjN2M0YzAiOnsiY3JlYXRlIjoxMjAwMDAwMDAwMDAwLCJkZWxldGUiOjEyMDAwMDAwMDAwMDAsInVwZGF0ZSI6MTgwMDAwMDAwMDAwMH19"
        }
      ]
    },
    {
      "module": "module.eip",
      "mode": "managed",
      "type": "alicloud_eip",
      "name": "eip",
      "each": "list",
      "provider": "provider.alicloud",
      "instances": [
        {
          "index_key": 0,
          "schema_version": 0,
          "attributes": {
            "bandwidth": 2,
            "description": "",
            "id": "eip-uf643n6tt7wm1mrtrcrm3",
            "instance_charge_type": "PostPaid",
            "internet_charge_type": "PayByTraffic",
            "ip_address": "47.100.248.54",
            "isp": "BGP",
            "name": "",
            "period": null,
            "resource_group_id": "rg-acfmzumgrvzswjq",
            "status": "InUse",
            "tags": {}
          },
          "private": "bnVsbA=="
        }
      ]
    },
    {
      "module": "module.eip",
      "mode": "managed",
      "type": "alicloud_eip_association",
      "name": "eip_asso",
      "each": "list",
      "provider": "provider.alicloud",
      "instances": [
        {
          "index_key": 0,
          "schema_version": 0,
          "attributes": {
            "allocation_id": "eip-uf643n6tt7wm1mrtrcrm3",
            "id": "eip-uf643n6tt7wm1mrtrcrm3:lb-uf6smlmo2xc0ecvgfw2nz",
            "instance_id": "lb-uf6smlmo2xc0ecvgfw2nz",
            "instance_type": "SlbInstance",
            "private_ip_address": null
          },
          "private": "bnVsbA==",
          "depends_on": [
            "alicloud_eip.eip[0]"
          ]
        }
      ]
    },
    {
      "module": "module.ecs",
      "mode": "managed",
      "type": "alicloud_instance",
      "name": "instance",
      "each": "list",
      "provider": "provider.alicloud",
      "instances": [
        {
          "index_key": 0,
          "schema_version": 0,
          "attributes": {
            "allocate_public_ip": null,
            "auto_renew_period": null,
            "availability_zone": "cn-shanghai-f",
            "credit_specification": "",
            "data_disks": [],
            "deletion_protection": false,
            "description": "",
            "dry_run": false,
            "force_delete": null,
            "host_name": "iZuf6ga6gkcqc2cqbjnmvvZ",
            "id": "i-uf6ga6gkcqc2cqbjnmvv",
            "image_id": "centos_7_06_64_20G_alibase_20190711.vhd",
            "include_data_disks": null,
            "instance_charge_type": "PostPaid",
            "instance_name": "test-01",
            "instance_type": "ecs.c5.large",
            "internet_charge_type": "PayByTraffic",
            "internet_max_bandwidth_in": -1,
            "internet_max_bandwidth_out": 0,
            "io_optimized": null,
            "is_outdated": null,
            "key_name": "",
            "kms_encrypted_password": null,
            "kms_encryption_context": null,
            "password": "",
            "period": null,
            "period_unit": null,
            "private_ip": "10.99.10.53",
            "public_ip": "",
            "renewal_status": null,
            "resource_group_id": "",
            "role_name": "",
            "security_enhancement_strategy": null,
            "security_groups": [
              "sg-uf6dpllwvfc6ors5xfpx"
            ],
            "spot_price_limit": 0,
            "spot_strategy": "NoSpot",
            "status": "Running",
            "subnet_id": "vsw-uf68so05ztph5982sul8k",
            "system_disk_category": "cloud_efficiency",
            "system_disk_size": 40,
            "tags": {
              "app": "客户端",
              "name": "arthur",
              "owner": "bestpractice",
              "team": "rds"
            },
            "timeouts": null,
            "user_data": "",
            "volume_tags": {},
            "vswitch_id": "vsw-uf68so05ztph5982sul8k"
          },
          "private": "eyJlMmJmYjczMC1lY2FhLTExZTYtOGY4OC0zNDM2M2JjN2M0YzAiOnsiY3JlYXRlIjo2MDAwMDAwMDAwMDAsImRlbGV0ZSI6MTIwMDAwMDAwMDAwMCwidXBkYXRlIjo2MDAwMDAwMDAwMDB9fQ==",
          "depends_on": [
            "alicloud_security_group.group[0]",
            "data.alicloud_images.images_ds"
          ]
        },
        {
          "index_key": 1,
          "schema_version": 0,
          "attributes": {
            "allocate_public_ip": null,
            "auto_renew_period": null,
            "availability_zone": "cn-shanghai-g",
            "credit_specification": "",
            "data_disks": [],
            "deletion_protection": false,
            "description": "",
            "dry_run": false,
            "force_delete": null,
            "host_name": "iZuf6foy6xbi5ncg05s4z6Z",
            "id": "i-uf6foy6xbi5ncg05s4z6",
            "image_id": "centos_7_06_64_20G_alibase_20190711.vhd",
            "include_data_disks": null,
            "instance_charge_type": "PostPaid",
            "instance_name": "test-02",
            "instance_type": "ecs.c5.large",
            "internet_charge_type": "PayByTraffic",
            "internet_max_bandwidth_in": -1,
            "internet_max_bandwidth_out": 0,
            "io_optimized": null,
            "is_outdated": null,
            "key_name": "",
            "kms_encrypted_password": null,
            "kms_encryption_context": null,
            "password": "",
            "period": null,
            "period_unit": null,
            "private_ip": "10.99.21.139",
            "public_ip": "",
            "renewal_status": null,
            "resource_group_id": "",
            "role_name": "",
            "security_enhancement_strategy": null,
            "security_groups": [
              "sg-uf6dpllwvfc6ors5xfpx"
            ],
            "spot_price_limit": 0,
            "spot_strategy": "NoSpot",
            "status": "Running",
            "subnet_id": "vsw-uf611gzc2rn7eqjhsteaf",
            "system_disk_category": "cloud_efficiency",
            "system_disk_size": 40,
            "tags": {
              "app": "客户端",
              "name": "arthur",
              "owner": "bestpractice",
              "team": "rds"
            },
            "timeouts": null,
            "user_data": "",
            "volume_tags": {},
            "vswitch_id": "vsw-uf611gzc2rn7eqjhsteaf"
          },
          "private": "eyJlMmJmYjczMC1lY2FhLTExZTYtOGY4OC0zNDM2M2JjN2M0YzAiOnsiY3JlYXRlIjo2MDAwMDAwMDAwMDAsImRlbGV0ZSI6MTIwMDAwMDAwMDAwMCwidXBkYXRlIjo2MDAwMDAwMDAwMDB9fQ==",
          "depends_on": [
            "alicloud_security_group.group[0]",
            "data.alicloud_images.images_ds"
          ]
        }
      ]
    },
    {
      "module": "module.ecs",
      "mode": "managed",
      "type": "alicloud_key_pair",
      "name": "pair",
      "each": "list",
      "provider": "provider.alicloud",
      "instances": [
        {
          "index_key": 0,
          "schema_version": 0,
          "attributes": {
            "finger_print": "48f4585f0c887a25528c540961ae7bb8",
            "id": "xianwang_key_pair_1121",
            "key_file": null,
            "key_name": "xianwang_key_pair_1121",
            "key_name_prefix": null,
            "public_key": null,
            "resource_group_id": ""
          },
          "private": "bnVsbA=="
        }
      ]
    },
    {
      "module": "module.ecs",
      "mode": "managed",
      "type": "alicloud_key_pair_attachment",
      "name": "attachment",
      "each": "list",
      "provider": "provider.alicloud",
      "instances": [
        {
          "index_key": 0,
          "schema_version": 0,
          "attributes": {
            "force": null,
            "id": "xianwang_key_pair_1121:[\"i-uf6ga6gkcqc2cqbjnmvv\",\"i-uf6foy6xbi5ncg05s4z6\"]",
            "instance_ids": [
              "i-uf6foy6xbi5ncg05s4z6",
              "i-uf6ga6gkcqc2cqbjnmvv"
            ],
            "key_name": "xianwang_key_pair_1121"
          },
          "private": "bnVsbA==",
          "depends_on": [
            "alicloud_instance.instance",
            "alicloud_key_pair.pair[0]"
          ]
        }
      ]
    },
    {
      "module": "module.kms",
      "mode": "managed",
      "type": "alicloud_kms_key",
      "name": "key",
      "each": "list",
      "provider": "provider.alicloud",
      "instances": [
        {
          "index_key": 0,
          "schema_version": 0,
          "attributes": {
            "arn": "acs:kms:cn-shanghai:1599248311986982:key/64a35ecf-e82d-44a1-843a-c21a5af7be12",
            "deletion_window_in_days": 7,
            "description": "KMS for OSS",
            "id": "64a35ecf-e82d-44a1-843a-c21a5af7be12",
            "is_enabled": true,
            "key_usage": "ENCRYPT/DECRYPT"
          },
          "private": "bnVsbA=="
        }
      ]
    },
    {
      "module": "module.oss",
      "mode": "managed",
      "type": "alicloud_oss_bucket",
      "name": "oss-bucket",
      "each": "list",
      "provider": "provider.alicloud",
      "instances": [
        {
          "index_key": 0,
          "schema_version": 0,
          "attributes": {
            "acl": "private",
            "bucket": "apptest-xy1234",
            "cors_rule": [],
            "creation_date": "21116-11-11",
            "extranet_endpoint": "oss-cn-shanghai.aliyuncs.com",
            "force_destroy": false,
            "id": "apptest-xy1234",
            "intranet_endpoint": "oss-cn-shanghai-internal.aliyuncs.com",
            "lifecycle_rule": [],
            "location": "oss-cn-shanghai",
            "logging": [
              {
                "target_bucket": "apptest-xy1234",
                "target_prefix": "log/"
              }
            ],
            "logging_isenable": null,
            "owner": "1599248311986982",
            "policy": "",
            "referer_config": [],
            "server_side_encryption_rule": [
              {
                "sse_algorithm": "AES256"
              }
            ],
            "storage_class": "Standard",
            "tags": {
              "app": "客户端",
              "name": "arthur",
              "owner": "bestpractice",
              "team": "rds"
            },
            "versioning": [],
            "website": []
          },
          "private": "bnVsbA=="
        }
      ]
    },
    {
      "module": "module.oss",
      "mode": "managed",
      "type": "alicloud_oss_bucket_object",
      "name": "object-source",
      "each": "list",
      "provider": "provider.alicloud",
      "instances": [
        {
          "index_key": 0,
          "schema_version": 0,
          "attributes": {
            "acl": "private",
            "bucket": "apptest-xy1234",
            "cache_control": "",
            "content": null,
            "content_disposition": "",
            "content_encoding": "",
            "content_length": "137030",
            "content_md5": null,
            "content_type": "image/jpeg",
            "etag": "6D3E1BE5D81C2294FFC2D3E99495736E",
            "expires": "",
            "id": "IMG_20190815_134210.jpg",
            "key": "IMG_20190815_134210.jpg",
            "server_side_encryption": "",
            "source": "/Users/xianwang/Desktop/IMG_20190815_134210.jpg",
            "version_id": ""
          },
          "private": "bnVsbA=="
        }
      ]
    },
    {
      "module": "module.ram",
      "mode": "managed",
      "type": "alicloud_ram_access_key",
      "name": "ak",
      "each": "list",
      "provider": "provider.alicloud",
      "instances": [
        {
          "index_key": 0,
          "schema_version": 0,
          "attributes": {
            "encrypted_secret": null,
            "id": "LTAI4FxTWf9FdApRvjtq8Ew5",
            "key_fingerprint": null,
            "pgp_key": null,
            "secret_file": "/Users/baby/accesskey.txt",
            "status": "Active",
            "user_name": "test1121"
          },
          "private": "bnVsbA==",
          "depends_on": [
            "alicloud_ram_user.user[0]"
          ]
        }
      ]
    },
    {
      "module": "module.ram",
      "mode": "managed",
      "type": "alicloud_ram_group",
      "name": "group",
      "each": "list",
      "provider": "provider.alicloud",
      "instances": [
        {
          "index_key": 0,
          "schema_version": 0,
          "attributes": {
            "comments": "app开发用户组",
            "force": true,
            "id": "app_dev_xy",
            "name": "app_dev_xy"
          },
          "private": "bnVsbA=="
        }
      ]
    },
    {
      "module": "module.ram",
      "mode": "managed",
      "type": "alicloud_ram_group_membership",
      "name": "membership",
      "each": "list",
      "provider": "provider.alicloud",
      "instances": [
        {
          "index_key": 0,
          "schema_version": 0,
          "attributes": {
            "group_name": "app_dev_xy",
            "id": "app_dev_xy",
            "user_names": [
              "test1121"
            ]
          },
          "private": "bnVsbA==",
          "depends_on": [
            "alicloud_ram_group.group[0]",
            "alicloud_ram_user.user"
          ]
        }
      ]
    },
    {
      "module": "module.ram",
      "mode": "managed",
      "type": "alicloud_ram_login_profile",
      "name": "profile",
      "each": "list",
      "provider": "provider.alicloud",
      "instances": [
        {
          "index_key": 0,
          "schema_version": 0,
          "attributes": {
            "id": "test1121",
            "mfa_bind_required": false,
            "password": "Test1234!",
            "password_reset_required": true,
            "user_name": "test1121"
          },
          "private": "bnVsbA==",
          "depends_on": [
            "alicloud_ram_user.user[0]"
          ]
        }
      ]
    },
    {
      "module": "module.ram",
      "mode": "managed",
      "type": "alicloud_ram_user",
      "name": "user",
      "each": "list",
      "provider": "provider.alicloud",
      "instances": [
        {
          "index_key": 0,
          "schema_version": 0,
          "attributes": {
            "comments": "",
            "display_name": "test01",
            "email": "",
            "force": true,
            "id": "234026774308656980",
            "mobile": "",
            "name": "test1121"
          },
          "private": "bnVsbA=="
        }
      ]
    },
    {
      "module": "module.ram",
      "mode": "managed",
      "type": "alicloud_ram_user_policy_attachment",
      "name": "attach",
      "each": "list",
      "provider": "provider.alicloud",
      "instances": [
        {
          "index_key": 0,
          "schema_version": 0,
          "attributes": {
            "id": "user:AliyunOSSFullAccess:System:test1121",
            "policy_name": "AliyunOSSFullAccess",
            "policy_type": "System",
            "user_name": "test1121"
          },
          "private": "bnVsbA==",
          "depends_on": [
            "alicloud_ram_user.user[0]"
          ]
        },
        {
          "index_key": 1,
          "schema_version": 0,
          "attributes": {
            "id": "user:AliyunECSFullAccess:System:test1121",
            "policy_name": "AliyunECSFullAccess",
            "policy_type": "System",
            "user_name": "test1121"
          },
          "private": "bnVsbA==",
          "depends_on": [
            "alicloud_ram_user.user[0]"
          ]
        }
      ]
    },
    {
      "module": "module.ecs",
      "mode": "managed",
      "type": "alicloud_security_group",
      "name": "group",
      "each": "list",
      "provider": "provider.alicloud",
      "instances": [
        {
          "index_key": 0,
          "schema_version": 0,
          "attributes": {
            "description": "default security group",
            "id": "sg-uf6dpllwvfc6ors5xfpx",
            "inner_access": true,
            "inner_access_policy": "Accept",
            "name": "ali-sg-ec-sz",
            "resource_group_id": "",
            "security_group_type": "normal",
            "tags": null,
            "vpc_id": "vpc-uf6qi822qrkzg7z4j65ab"
          },
          "private": "bnVsbA=="
        }
      ]
    },
    {
      "module": "module.ecs",
      "mode": "managed",
      "type": "alicloud_security_group_rule",
      "name": "icmp",
      "each": "list",
      "provider": "provider.alicloud",
      "instances": [
        {
          "index_key": 0,
          "schema_version": 0,
          "attributes": {
            "cidr_ip": "0.0.0.0/0",
            "description": "",
            "id": "sg-uf6dpllwvfc6ors5xfpx:ingress:icmp:-1/-1:intranet:0.0.0.0/0:accept:1",
            "ip_protocol": "icmp",
            "nic_type": "intranet",
            "policy": "accept",
            "port_range": "-1/-1",
            "priority": 1,
            "security_group_id": "sg-uf6dpllwvfc6ors5xfpx",
            "source_group_owner_account": "",
            "source_security_group_id": "",
            "type": "ingress"
          },
          "private": "bnVsbA==",
          "depends_on": [
            "alicloud_security_group.group[0]"
          ]
        }
      ]
    },
    {
      "module": "module.ecs",
      "mode": "managed",
      "type": "alicloud_security_group_rule",
      "name": "rdp",
      "each": "list",
      "provider": "provider.alicloud",
      "instances": [
        {
          "index_key": 0,
          "schema_version": 0,
          "attributes": {
            "cidr_ip": "0.0.0.0/0",
            "description": "",
            "id": "sg-uf6dpllwvfc6ors5xfpx:ingress:tcp:3389/3389:intranet:0.0.0.0/0:accept:1",
            "ip_protocol": "tcp",
            "nic_type": "intranet",
            "policy": "accept",
            "port_range": "3389/3389",
            "priority": 1,
            "security_group_id": "sg-uf6dpllwvfc6ors5xfpx",
            "source_group_owner_account": "",
            "source_security_group_id": "",
            "type": "ingress"
          },
          "private": "bnVsbA==",
          "depends_on": [
            "alicloud_security_group.group[0]"
          ]
        }
      ]
    },
    {
      "module": "module.ecs",
      "mode": "managed",
      "type": "alicloud_security_group_rule",
      "name": "ssh",
      "each": "list",
      "provider": "provider.alicloud",
      "instances": [
        {
          "index_key": 0,
          "schema_version": 0,
          "attributes": {
            "cidr_ip": "0.0.0.0/0",
            "description": "",
            "id": "sg-uf6dpllwvfc6ors5xfpx:ingress:tcp:22/22:intranet:0.0.0.0/0:accept:1",
            "ip_protocol": "tcp",
            "nic_type": "intranet",
            "policy": "accept",
            "port_range": "22/22",
            "priority": 1,
            "security_group_id": "sg-uf6dpllwvfc6ors5xfpx",
            "source_group_owner_account": "",
            "source_security_group_id": "",
            "type": "ingress"
          },
          "private": "bnVsbA==",
          "depends_on": [
            "alicloud_security_group.group[0]"
          ]
        }
      ]
    },
    {
      "module": "module.slb",
      "mode": "managed",
      "type": "alicloud_slb",
      "name": "slb",
      "each": "list",
      "provider": "provider.alicloud",
      "instances": [
        {
          "index_key": 0,
          "schema_version": 0,
          "attributes": {
            "address": "10.99.10.51",
            "address_ip_version": "ipv4",
            "address_type": "intranet",
            "bandwidth": 5120,
            "delete_protection": "off",
            "id": "lb-uf6smlmo2xc0ecvgfw2nz",
            "instance_charge_type": "PostPaid",
            "instances": null,
            "internet": false,
            "internet_charge_type": "PayByTraffic",
            "listener": [],
            "master_zone_id": "cn-shanghai-f",
            "name": "auto_named_slb",
            "period": null,
            "resource_group_id": "rg-acfmzumgrvzswjq",
            "slave_zone_id": "cn-shanghai-g",
            "specification": "slb.s2.small",
            "tags": {
              "app": "客户端",
              "name": "arthur",
              "owner": "bestpractice",
              "team": "rds"
            },
            "vswitch_id": "vsw-uf68so05ztph5982sul8k"
          },
          "private": "bnVsbA=="
        }
      ]
    },
    {
      "module": "module.slb",
      "mode": "managed",
      "type": "alicloud_slb_attachment",
      "name": "default",
      "each": "list",
      "provider": "provider.alicloud",
      "instances": [
        {
          "index_key": 0,
          "schema_version": 0,
          "attributes": {
            "backend_servers": "i-uf6ga6gkcqc2cqbjnmvv,i-uf6foy6xbi5ncg05s4z6",
            "id": "lb-uf6smlmo2xc0ecvgfw2nz",
            "instance_ids": [
              "i-uf6foy6xbi5ncg05s4z6",
              "i-uf6ga6gkcqc2cqbjnmvv"
            ],
            "instances": null,
            "load_balancer_id": "lb-uf6smlmo2xc0ecvgfw2nz",
            "server_type": "ecs",
            "slb_id": null,
            "weight": 100
          },
          "private": "bnVsbA==",
          "depends_on": [
            "alicloud_slb.slb[0]"
          ]
        }
      ]
    },
    {
      "module": "module.slb",
      "mode": "managed",
      "type": "alicloud_slb_listener",
      "name": "http",
      "each": "list",
      "provider": "provider.alicloud",
      "instances": [
        {
          "index_key": 0,
          "schema_version": 0,
          "attributes": {
            "acl_id": null,
            "acl_status": "off",
            "acl_type": null,
            "backend_port": 80,
            "bandwidth": -1,
            "cookie": null,
            "cookie_timeout": 10000,
            "enable_http2": null,
            "established_timeout": null,
            "forward_port": null,
            "frontend_port": 80,
            "gzip": true,
            "health_check": "on",
            "health_check_connect_port": 80,
            "health_check_domain": null,
            "health_check_http_code": "http_2xx,http_3xx",
            "health_check_interval": 2,
            "health_check_timeout": 5,
            "health_check_type": "http",
            "health_check_uri": "/",
            "healthy_threshold": 3,
            "id": "lb-uf6smlmo2xc0ecvgfw2nz:http:80",
            "idle_timeout": 15,
            "instance_port": null,
            "lb_port": null,
            "lb_protocol": null,
            "listener_forward": "off",
            "load_balancer_id": "lb-uf6smlmo2xc0ecvgfw2nz",
            "master_slave_server_group_id": null,
            "persistence_timeout": null,
            "protocol": "http",
            "request_timeout": 60,
            "scheduler": "wrr",
            "server_certificate_id": null,
            "server_group_id": null,
            "ssl_certificate_id": null,
            "sticky_session": "on",
            "sticky_session_type": "insert",
            "tls_cipher_policy": null,
            "unhealthy_threshold": 3,
            "x_forwarded_for": [
              {
                "retrive_client_ip": true,
                "retrive_slb_id": false,
                "retrive_slb_ip": false,
                "retrive_slb_proto": false
              }
            ]
          },
          "private": "bnVsbA==",
          "depends_on": [
            "alicloud_slb.slb[0]"
          ]
        }
      ]
    },
    {
      "module": "module.vpc",
      "mode": "managed",
      "type": "alicloud_vpc",
      "name": "vpc",
      "each": "list",
      "provider": "provider.alicloud",
      "instances": [
        {
          "index_key": 0,
          "schema_version": 0,
          "attributes": {
            "cidr_block": "10.99.0.0/19",
            "description": "",
            "id": "vpc-uf6qi822qrkzg7z4j65ab",
            "name": "webserver",
            "resource_group_id": "rg-acfmzumgrvzswjq",
            "route_table_id": "vtb-uf6to5die5ql6l845hdfp",
            "router_id": "vrt-uf6dudbh2fcagjy8sfr5w",
            "router_table_id": "vtb-uf6to5die5ql6l845hdfp",
            "tags": {}
          },
          "private": "bnVsbA=="
        }
      ]
    },
    {
      "module": "module.vpc",
      "mode": "managed",
      "type": "alicloud_vswitch",
      "name": "vswitch",
      "each": "list",
      "provider": "provider.alicloud",
      "instances": [
        {
          "index_key": 0,
          "schema_version": 0,
          "attributes": {
            "availability_zone": "cn-shanghai-e",
            "cidr_block": "10.99.0.0/21",
            "description": "",
            "id": "vsw-uf6une31pjesjli9wgwzt",
            "name": "",
            "tags": {},
            "vpc_id": "vpc-uf6qi822qrkzg7z4j65ab"
          },
          "private": "bnVsbA==",
          "depends_on": [
            "alicloud_vpc.vpc[0]"
          ]
        },
        {
          "index_key": 1,
          "schema_version": 0,
          "attributes": {
            "availability_zone": "cn-shanghai-f",
            "cidr_block": "10.99.8.0/21",
            "description": "",
            "id": "vsw-uf68so05ztph5982sul8k",
            "name": "",
            "tags": {},
            "vpc_id": "vpc-uf6qi822qrkzg7z4j65ab"
          },
          "private": "bnVsbA==",
          "depends_on": [
            "alicloud_vpc.vpc[0]"
          ]
        },
        {
          "index_key": 2,
          "schema_version": 0,
          "attributes": {
            "availability_zone": "cn-shanghai-g",
            "cidr_block": "10.99.16.0/21",
            "description": "",
            "id": "vsw-uf611gzc2rn7eqjhsteaf",
            "name": "",
            "tags": {},
            "vpc_id": "vpc-uf6qi822qrkzg7z4j65ab"
          },
          "private": "bnVsbA==",
          "depends_on": [
            "alicloud_vpc.vpc[0]"
          ]
        }
      ]
    }
  ]
}
